
Microsoft Visual Studio Solution File, Format Version 12.00
# Visual Studio 15
VisualStudioVersion = 15.0.27705.2000
MinimumVisualStudioVersion = 10.0.40219.1
Project("{9A19103F-16F7-4668-BE54-9A1E7A4F7556}") = "NotifyMe", "NotifyMe\NotifyMe.csproj", "{CC26DE98-E06E-479B-9181-0CC82866C85B}"
EndProject
Project("{FAE04EC0-301F-11D3-BF4B-00C04F79EFBC}") = "NotifyMe.UWP", "NotifyMe.UWP\NotifyMe.UWP.csproj", "{F466FFF8-25A0-4A9D-931C-00E9A92FE474}"
EndProject
Global
	GlobalSection(SolutionConfigurationPlatforms) = preSolution
		Debug|Any CPU = Debug|Any CPU
		Debug|ARM = Debug|ARM
		Debug|x64 = Debug|x64
		Debug|x86 = Debug|x86
		Release|Any CPU = Release|Any CPU
		Release|ARM = Release|ARM
		Release|x64 = Release|x64
		Release|x86 = Release|x86
	EndGlobalSection
	GlobalSection(ProjectConfigurationPlatforms) = postSolution
		{CC26DE98-E06E-479B-9181-0CC82866C85B}.Debug|Any CPU.ActiveCfg = Debug|Any CPU
		{CC26DE98-E06E-479B-9181-0CC82866C85B}.Debug|Any CPU.Build.0 = Debug|Any CPU
		{CC26DE98-E06E-479B-9181-0CC82866C85B}.Debug|ARM.ActiveCfg = Debug|Any CPU
		{CC26DE98-E06E-479B-9181-0CC82866C85B}.Debug|ARM.Build.0 = Debug|Any CPU
		{CC26DE98-E06E-479B-9181-0CC82866C85B}.Debug|x64.ActiveCfg = Debug|Any CPU
		{CC26DE98-E06E-479B-9181-0CC82866C85B}.Debug|x64.Build.0 = Debug|Any CPU
		{CC26DE98-E06E-479B-9181-0CC82866C85B}.Debug|x86.ActiveCfg = Debug|Any CPU
		{CC26DE98-E06E-479B-9181-0CC82866C85B}.Debug|x86.Build.0 = Debug|Any CPU
		{CC26DE98-E06E-479B-9181-0CC82866C85B}.Release|Any CPU.ActiveCfg = Release|Any CPU
		{CC26DE98-E06E-479B-9181-0CC82866C85B}.Release|Any CPU.Build.0 = Release|Any CPU
		{CC26DE98-E06E-479B-9181-0CC82866C85B}.Release|ARM.ActiveCfg = Release|Any CPU
		{CC26DE98-E06E-479B-9181-0CC82866C85B}.Release|ARM.Build.0 = Release|Any CPU
		{CC26DE98-E06E-479B-9181-0CC82866C85B}.Release|x64.ActiveCfg = Release|Any CPU
		{CC26DE98-E06E-479B-9181-0CC82866C85B}.Release|x64.Build.0 = Release|Any CPU
		{CC26DE98-E06E-479B-9181-0CC82866C85B}.Release|x86.ActiveCfg = Release|Any CPU
		{CC26DE98-E06E-479B-9181-0CC82866C85B}.Release|x86.Build.0 = Release|Any CPU
		{F466FFF8-25A0-4A9D-931C-00E9A92FE474}.Debug|Any CPU.ActiveCfg = Debug|x64
		{F466FFF8-25A0-4A9D-931C-00E9A92FE474}.Debug|Any CPU.Build.0 = Debug|x64
		{F466FFF8-25A0-4A9D-931C-00E9A92FE474}.Debug|Any CPU.Deploy.0 = Debug|x64
		{F466FFF8-25A0-4A9D-931C-00E9A92FE474}.Debug|ARM.ActiveCfg = Debug|ARM
		{F466FFF8-25A0-4A9D-931C-00E9A92FE474}.Debug|ARM.Build.0 = Debug|ARM
		{F466FFF8-25A0-4A9D-931C-00E9A92FE474}.Debug|ARM.Deploy.0 = Debug|ARM
		{F466FFF8-25A0-4A9D-931C-00E9A92FE474}.Debug|x64.ActiveCfg = Debug|x64
		{F466FFF8-25A0-4A9D-931C-00E9A92FE474}.Debug|x64.Build.0 = Debug|x64
		{F466FFF8-25A0-4A9D-931C-00E9A92FE474}.Debug|x64.Deploy.0 = Debug|x64
		{F466FFF8-25A0-4A9D-931C-00E9A92FE474}.Debug|x86.ActiveCfg = Debug|x86
		{F466FFF8-25A0-4A9D-931C-00E9A92FE474}.Debug|x86.Build.0 = Debug|x86
		{F466FFF8-25A0-4A9D-931C-00E9A92FE474}.Debug|x86.Deploy.0 = Debug|x86
		{F466FFF8-25A0-4A9D-931C-00E9A92FE474}.Release|Any CPU.ActiveCfg = Release|x86
		{F466FFF8-25A0-4A9D-931C-00E9A92FE474}.Release|ARM.ActiveCfg = Release|ARM
		{F466FFF8-25A0-4A9D-931C-00E9A92FE474}.Release|ARM.Build.0 = Release|ARM
		{F466FFF8-25A0-4A9D-931C-00E9A92FE474}.Release|ARM.Deploy.0 = Release|ARM
		{F466FFF8-25A0-4A9D-931C-00E9A92FE474}.Release|x64.ActiveCfg = Release|x64
		{F466FFF8-25A0-4A9D-931C-00E9A92FE474}.Release|x64.Build.0 = Release|x64
		{F466FFF8-25A0-4A9D-931C-00E9A92FE474}.Release|x64.Deploy.0 = Release|x64
		{F466FFF8-25A0-4A9D-931C-00E9A92FE474}.Release|x86.ActiveCfg = Release|x86
		{F466FFF8-25A0-4A9D-931C-00E9A92FE474}.Release|x86.Build.0 = Release|x86
		{F466FFF8-25A0-4A9D-931C-00E9A92FE474}.Release|x86.Deploy.0 = Release|x86
	EndGlobalSection
	GlobalSection(SolutionProperties) = preSolution
		HideSolutionNode = FALSE
	EndGlobalSection
	GlobalSection(ExtensibilityGlobals) = postSolution
		SolutionGuid = {FEB96C8F-D568-45DB-B96F-CAD179CAB50C}
	EndGlobalSection
EndGlobal
