
Microsoft Visual Studio Solution File, Format Version 12.00
# Visual Studio 15
VisualStudioVersion = 15.0.27705.2000
MinimumVisualStudioVersion = 10.0.40219.1
Project("{FAE04EC0-301F-11D3-BF4B-00C04F79EFBC}") = "NotifyMe.UWP", "NotifyMe.UWP\NotifyMe.UWP.csproj", "{F466FFF8-25A0-4A9D-931C-00E9A92FE474}"
EndProject
Project("{2150E333-8FDC-42A3-9474-1A3956D46DE8}") = "NotifyMe.Core", "NotifyMe.Core", "{3D50FAD0-0E28-48E4-A3C5-C1B358BCAD19}"
EndProject
Project("{9A19103F-16F7-4668-BE54-9A1E7A4F7556}") = "NotifyMe", "NotifyMe.Solution\NotifyMe\NotifyMe.csproj", "{D8CEB5A6-53C8-4DBB-956C-1DD2ED5601A8}"
EndProject
Project("{9A19103F-16F7-4668-BE54-9A1E7A4F7556}") = "NotifyMe.Common", "NotifyMe.Solution\NotifyMe.Common\NotifyMe.Common.csproj", "{356E2EEB-E3A4-462D-A902-1B7DFCCFF63C}"
EndProject
Project("{9A19103F-16F7-4668-BE54-9A1E7A4F7556}") = "NotifyMe.Templates", "NotifyMe.Solution\NotifyMe.Templates\NotifyMe.Templates.csproj", "{D44A4C2F-9D80-4274-AEAA-E5238D0C6A08}"
EndProject
Global
	GlobalSection(SolutionConfigurationPlatforms) = preSolution
		Debug|Any CPU = Debug|Any CPU
		Debug|ARM = Debug|ARM
		Debug|x64 = Debug|x64
		Debug|x86 = Debug|x86
		Release|Any CPU = Release|Any CPU
		Release|ARM = Release|ARM
		Release|x64 = Release|x64
		Release|x86 = Release|x86
	EndGlobalSection
	GlobalSection(ProjectConfigurationPlatforms) = postSolution
		{F466FFF8-25A0-4A9D-931C-00E9A92FE474}.Debug|Any CPU.ActiveCfg = Debug|x64
		{F466FFF8-25A0-4A9D-931C-00E9A92FE474}.Debug|Any CPU.Build.0 = Debug|x64
		{F466FFF8-25A0-4A9D-931C-00E9A92FE474}.Debug|Any CPU.Deploy.0 = Debug|x64
		{F466FFF8-25A0-4A9D-931C-00E9A92FE474}.Debug|ARM.ActiveCfg = Debug|ARM
		{F466FFF8-25A0-4A9D-931C-00E9A92FE474}.Debug|ARM.Build.0 = Debug|ARM
		{F466FFF8-25A0-4A9D-931C-00E9A92FE474}.Debug|ARM.Deploy.0 = Debug|ARM
		{F466FFF8-25A0-4A9D-931C-00E9A92FE474}.Debug|x64.ActiveCfg = Debug|x64
		{F466FFF8-25A0-4A9D-931C-00E9A92FE474}.Debug|x64.Build.0 = Debug|x64
		{F466FFF8-25A0-4A9D-931C-00E9A92FE474}.Debug|x64.Deploy.0 = Debug|x64
		{F466FFF8-25A0-4A9D-931C-00E9A92FE474}.Debug|x86.ActiveCfg = Debug|x86
		{F466FFF8-25A0-4A9D-931C-00E9A92FE474}.Debug|x86.Build.0 = Debug|x86
		{F466FFF8-25A0-4A9D-931C-00E9A92FE474}.Debug|x86.Deploy.0 = Debug|x86
		{F466FFF8-25A0-4A9D-931C-00E9A92FE474}.Release|Any CPU.ActiveCfg = Release|x86
		{F466FFF8-25A0-4A9D-931C-00E9A92FE474}.Release|ARM.ActiveCfg = Release|ARM
		{F466FFF8-25A0-4A9D-931C-00E9A92FE474}.Release|ARM.Build.0 = Release|ARM
		{F466FFF8-25A0-4A9D-931C-00E9A92FE474}.Release|ARM.Deploy.0 = Release|ARM
		{F466FFF8-25A0-4A9D-931C-00E9A92FE474}.Release|x64.ActiveCfg = Release|x64
		{F466FFF8-25A0-4A9D-931C-00E9A92FE474}.Release|x64.Build.0 = Release|x64
		{F466FFF8-25A0-4A9D-931C-00E9A92FE474}.Release|x64.Deploy.0 = Release|x64
		{F466FFF8-25A0-4A9D-931C-00E9A92FE474}.Release|x86.ActiveCfg = Release|x86
		{F466FFF8-25A0-4A9D-931C-00E9A92FE474}.Release|x86.Build.0 = Release|x86
		{F466FFF8-25A0-4A9D-931C-00E9A92FE474}.Release|x86.Deploy.0 = Release|x86
		{D8CEB5A6-53C8-4DBB-956C-1DD2ED5601A8}.Debug|Any CPU.ActiveCfg = Debug|Any CPU
		{D8CEB5A6-53C8-4DBB-956C-1DD2ED5601A8}.Debug|Any CPU.Build.0 = Debug|Any CPU
		{D8CEB5A6-53C8-4DBB-956C-1DD2ED5601A8}.Debug|ARM.ActiveCfg = Debug|Any CPU
		{D8CEB5A6-53C8-4DBB-956C-1DD2ED5601A8}.Debug|ARM.Build.0 = Debug|Any CPU
		{D8CEB5A6-53C8-4DBB-956C-1DD2ED5601A8}.Debug|x64.ActiveCfg = Debug|Any CPU
		{D8CEB5A6-53C8-4DBB-956C-1DD2ED5601A8}.Debug|x64.Build.0 = Debug|Any CPU
		{D8CEB5A6-53C8-4DBB-956C-1DD2ED5601A8}.Debug|x86.ActiveCfg = Debug|Any CPU
		{D8CEB5A6-53C8-4DBB-956C-1DD2ED5601A8}.Debug|x86.Build.0 = Debug|Any CPU
		{D8CEB5A6-53C8-4DBB-956C-1DD2ED5601A8}.Release|Any CPU.ActiveCfg = Release|Any CPU
		{D8CEB5A6-53C8-4DBB-956C-1DD2ED5601A8}.Release|Any CPU.Build.0 = Release|Any CPU
		{D8CEB5A6-53C8-4DBB-956C-1DD2ED5601A8}.Release|ARM.ActiveCfg = Release|Any CPU
		{D8CEB5A6-53C8-4DBB-956C-1DD2ED5601A8}.Release|ARM.Build.0 = Release|Any CPU
		{D8CEB5A6-53C8-4DBB-956C-1DD2ED5601A8}.Release|x64.ActiveCfg = Release|Any CPU
		{D8CEB5A6-53C8-4DBB-956C-1DD2ED5601A8}.Release|x64.Build.0 = Release|Any CPU
		{D8CEB5A6-53C8-4DBB-956C-1DD2ED5601A8}.Release|x86.ActiveCfg = Release|Any CPU
		{D8CEB5A6-53C8-4DBB-956C-1DD2ED5601A8}.Release|x86.Build.0 = Release|Any CPU
		{356E2EEB-E3A4-462D-A902-1B7DFCCFF63C}.Debug|Any CPU.ActiveCfg = Debug|Any CPU
		{356E2EEB-E3A4-462D-A902-1B7DFCCFF63C}.Debug|Any CPU.Build.0 = Debug|Any CPU
		{356E2EEB-E3A4-462D-A902-1B7DFCCFF63C}.Debug|ARM.ActiveCfg = Debug|Any CPU
		{356E2EEB-E3A4-462D-A902-1B7DFCCFF63C}.Debug|ARM.Build.0 = Debug|Any CPU
		{356E2EEB-E3A4-462D-A902-1B7DFCCFF63C}.Debug|x64.ActiveCfg = Debug|Any CPU
		{356E2EEB-E3A4-462D-A902-1B7DFCCFF63C}.Debug|x64.Build.0 = Debug|Any CPU
		{356E2EEB-E3A4-462D-A902-1B7DFCCFF63C}.Debug|x86.ActiveCfg = Debug|Any CPU
		{356E2EEB-E3A4-462D-A902-1B7DFCCFF63C}.Debug|x86.Build.0 = Debug|Any CPU
		{356E2EEB-E3A4-462D-A902-1B7DFCCFF63C}.Release|Any CPU.ActiveCfg = Release|Any CPU
		{356E2EEB-E3A4-462D-A902-1B7DFCCFF63C}.Release|Any CPU.Build.0 = Release|Any CPU
		{356E2EEB-E3A4-462D-A902-1B7DFCCFF63C}.Release|ARM.ActiveCfg = Release|Any CPU
		{356E2EEB-E3A4-462D-A902-1B7DFCCFF63C}.Release|ARM.Build.0 = Release|Any CPU
		{356E2EEB-E3A4-462D-A902-1B7DFCCFF63C}.Release|x64.ActiveCfg = Release|Any CPU
		{356E2EEB-E3A4-462D-A902-1B7DFCCFF63C}.Release|x64.Build.0 = Release|Any CPU
		{356E2EEB-E3A4-462D-A902-1B7DFCCFF63C}.Release|x86.ActiveCfg = Release|Any CPU
		{356E2EEB-E3A4-462D-A902-1B7DFCCFF63C}.Release|x86.Build.0 = Release|Any CPU
		{D44A4C2F-9D80-4274-AEAA-E5238D0C6A08}.Debug|Any CPU.ActiveCfg = Debug|Any CPU
		{D44A4C2F-9D80-4274-AEAA-E5238D0C6A08}.Debug|Any CPU.Build.0 = Debug|Any CPU
		{D44A4C2F-9D80-4274-AEAA-E5238D0C6A08}.Debug|ARM.ActiveCfg = Debug|Any CPU
		{D44A4C2F-9D80-4274-AEAA-E5238D0C6A08}.Debug|ARM.Build.0 = Debug|Any CPU
		{D44A4C2F-9D80-4274-AEAA-E5238D0C6A08}.Debug|x64.ActiveCfg = Debug|Any CPU
		{D44A4C2F-9D80-4274-AEAA-E5238D0C6A08}.Debug|x64.Build.0 = Debug|Any CPU
		{D44A4C2F-9D80-4274-AEAA-E5238D0C6A08}.Debug|x86.ActiveCfg = Debug|Any CPU
		{D44A4C2F-9D80-4274-AEAA-E5238D0C6A08}.Debug|x86.Build.0 = Debug|Any CPU
		{D44A4C2F-9D80-4274-AEAA-E5238D0C6A08}.Release|Any CPU.ActiveCfg = Release|Any CPU
		{D44A4C2F-9D80-4274-AEAA-E5238D0C6A08}.Release|Any CPU.Build.0 = Release|Any CPU
		{D44A4C2F-9D80-4274-AEAA-E5238D0C6A08}.Release|ARM.ActiveCfg = Release|Any CPU
		{D44A4C2F-9D80-4274-AEAA-E5238D0C6A08}.Release|ARM.Build.0 = Release|Any CPU
		{D44A4C2F-9D80-4274-AEAA-E5238D0C6A08}.Release|x64.ActiveCfg = Release|Any CPU
		{D44A4C2F-9D80-4274-AEAA-E5238D0C6A08}.Release|x64.Build.0 = Release|Any CPU
		{D44A4C2F-9D80-4274-AEAA-E5238D0C6A08}.Release|x86.ActiveCfg = Release|Any CPU
		{D44A4C2F-9D80-4274-AEAA-E5238D0C6A08}.Release|x86.Build.0 = Release|Any CPU
	EndGlobalSection
	GlobalSection(SolutionProperties) = preSolution
		HideSolutionNode = FALSE
	EndGlobalSection
	GlobalSection(NestedProjects) = preSolution
		{D8CEB5A6-53C8-4DBB-956C-1DD2ED5601A8} = {3D50FAD0-0E28-48E4-A3C5-C1B358BCAD19}
		{356E2EEB-E3A4-462D-A902-1B7DFCCFF63C} = {3D50FAD0-0E28-48E4-A3C5-C1B358BCAD19}
		{D44A4C2F-9D80-4274-AEAA-E5238D0C6A08} = {3D50FAD0-0E28-48E4-A3C5-C1B358BCAD19}
	EndGlobalSection
	GlobalSection(ExtensibilityGlobals) = postSolution
		SolutionGuid = {FEB96C8F-D568-45DB-B96F-CAD179CAB50C}
	EndGlobalSection
EndGlobal
